// !$*UTF8*$!
{
	archiveVersion = 1;
	classes = {
	};
	objectVersion = 56;
	objects = {

/* Begin PBXBuildFile section */
		0AC6331729C55409003ED9C0 /* PaperclipApp.swift in Sources */ = {isa = PBXBuildFile; fileRef = 0AC6331629C55409003ED9C0 /* PaperclipApp.swift */; };
		0AC6331929C55409003ED9C0 /* StickyView.swift in Sources */ = {isa = PBXBuildFile; fileRef = 0AC6331829C55409003ED9C0 /* StickyView.swift */; };
		0AC6331B29C5540A003ED9C0 /* Assets.xcassets in Resources */ = {isa = PBXBuildFile; fileRef = 0AC6331A29C5540A003ED9C0 /* Assets.xcassets */; };
		0AC6331F29C5540A003ED9C0 /* Preview Assets.xcassets in Resources */ = {isa = PBXBuildFile; fileRef = 0AC6331E29C5540A003ED9C0 /* Preview Assets.xcassets */; };
		0AC6332929C5540A003ED9C0 /* PaperclipTests.swift in Sources */ = {isa = PBXBuildFile; fileRef = 0AC6332829C5540A003ED9C0 /* PaperclipTests.swift */; };
		0AC6333329C5540A003ED9C0 /* PaperclipUITests.swift in Sources */ = {isa = PBXBuildFile; fileRef = 0AC6333229C5540A003ED9C0 /* PaperclipUITests.swift */; };
		0AC6333529C5540A003ED9C0 /* PaperclipUITestsLaunchTests.swift in Sources */ = {isa = PBXBuildFile; fileRef = 0AC6333429C5540A003ED9C0 /* PaperclipUITestsLaunchTests.swift */; };
		0AC6334429C56906003ED9C0 /* StickyStack.swift in Sources */ = {isa = PBXBuildFile; fileRef = 0AC6334329C56906003ED9C0 /* StickyStack.swift */; };
		0AC6334629C598EC003ED9C0 /* ContentView.swift in Sources */ = {isa = PBXBuildFile; fileRef = 0AC6334529C598EC003ED9C0 /* ContentView.swift */; };
		0AC6334829C59E7E003ED9C0 /* ImportantList.swift in Sources */ = {isa = PBXBuildFile; fileRef = 0AC6334729C59E7E003ED9C0 /* ImportantList.swift */; };
		0AC6334A29C59EAF003ED9C0 /* SomewhatList.swift in Sources */ = {isa = PBXBuildFile; fileRef = 0AC6334929C59EAF003ED9C0 /* SomewhatList.swift */; };
		0AC6334C29C59ED0003ED9C0 /* InsignificantList.swift in Sources */ = {isa = PBXBuildFile; fileRef = 0AC6334B29C59ED0003ED9C0 /* InsignificantList.swift */; };
		0AC6334E29C5AA56003ED9C0 /* NoteEditor.swift in Sources */ = {isa = PBXBuildFile; fileRef = 0AC6334D29C5AA56003ED9C0 /* NoteEditor.swift */; };
		0AC6335029C68AD5003ED9C0 /* NoteModal.swift in Sources */ = {isa = PBXBuildFile; fileRef = 0AC6334F29C68AD5003ED9C0 /* NoteModal.swift */; };
/* End PBXBuildFile section */

/* Begin PBXContainerItemProxy section */
		0AC6332529C5540A003ED9C0 /* PBXContainerItemProxy */ = {
			isa = PBXContainerItemProxy;
			containerPortal = 0AC6330B29C55409003ED9C0 /* Project object */;
			proxyType = 1;
			remoteGlobalIDString = 0AC6331229C55409003ED9C0;
			remoteInfo = Paperclip;
		};
		0AC6332F29C5540A003ED9C0 /* PBXContainerItemProxy */ = {
			isa = PBXContainerItemProxy;
			containerPortal = 0AC6330B29C55409003ED9C0 /* Project object */;
			proxyType = 1;
			remoteGlobalIDString = 0AC6331229C55409003ED9C0;
			remoteInfo = Paperclip;
		};
/* End PBXContainerItemProxy section */

/* Begin PBXFileReference section */
		0AC6331329C55409003ED9C0 /* Paperclip.app */ = {isa = PBXFileReference; explicitFileType = wrapper.application; includeInIndex = 0; path = Paperclip.app; sourceTree = BUILT_PRODUCTS_DIR; };
		0AC6331629C55409003ED9C0 /* PaperclipApp.swift */ = {isa = PBXFileReference; lastKnownFileType = sourcecode.swift; path = PaperclipApp.swift; sourceTree = "<group>"; };
		0AC6331829C55409003ED9C0 /* StickyView.swift */ = {isa = PBXFileReference; lastKnownFileType = sourcecode.swift; path = StickyView.swift; sourceTree = "<group>"; };
		0AC6331A29C5540A003ED9C0 /* Assets.xcassets */ = {isa = PBXFileReference; lastKnownFileType = folder.assetcatalog; path = Assets.xcassets; sourceTree = "<group>"; };
		0AC6331C29C5540A003ED9C0 /* Paperclip.entitlements */ = {isa = PBXFileReference; lastKnownFileType = text.plist.entitlements; path = Paperclip.entitlements; sourceTree = "<group>"; };
		0AC6331E29C5540A003ED9C0 /* Preview Assets.xcassets */ = {isa = PBXFileReference; lastKnownFileType = folder.assetcatalog; path = "Preview Assets.xcassets"; sourceTree = "<group>"; };
		0AC6332429C5540A003ED9C0 /* PaperclipTests.xctest */ = {isa = PBXFileReference; explicitFileType = wrapper.cfbundle; includeInIndex = 0; path = PaperclipTests.xctest; sourceTree = BUILT_PRODUCTS_DIR; };
		0AC6332829C5540A003ED9C0 /* PaperclipTests.swift */ = {isa = PBXFileReference; lastKnownFileType = sourcecode.swift; path = PaperclipTests.swift; sourceTree = "<group>"; };
		0AC6332E29C5540A003ED9C0 /* PaperclipUITests.xctest */ = {isa = PBXFileReference; explicitFileType = wrapper.cfbundle; includeInIndex = 0; path = PaperclipUITests.xctest; sourceTree = BUILT_PRODUCTS_DIR; };
		0AC6333229C5540A003ED9C0 /* PaperclipUITests.swift */ = {isa = PBXFileReference; lastKnownFileType = sourcecode.swift; path = PaperclipUITests.swift; sourceTree = "<group>"; };
		0AC6333429C5540A003ED9C0 /* PaperclipUITestsLaunchTests.swift */ = {isa = PBXFileReference; lastKnownFileType = sourcecode.swift; path = PaperclipUITestsLaunchTests.swift; sourceTree = "<group>"; };
		0AC6334329C56906003ED9C0 /* StickyStack.swift */ = {isa = PBXFileReference; lastKnownFileType = sourcecode.swift; path = StickyStack.swift; sourceTree = "<group>"; };
		0AC6334529C598EC003ED9C0 /* ContentView.swift */ = {isa = PBXFileReference; lastKnownFileType = sourcecode.swift; path = ContentView.swift; sourceTree = "<group>"; };
		0AC6334729C59E7E003ED9C0 /* ImportantList.swift */ = {isa = PBXFileReference; lastKnownFileType = sourcecode.swift; path = ImportantList.swift; sourceTree = "<group>"; };
		0AC6334929C59EAF003ED9C0 /* SomewhatList.swift */ = {isa = PBXFileReference; lastKnownFileType = sourcecode.swift; path = SomewhatList.swift; sourceTree = "<group>"; };
		0AC6334B29C59ED0003ED9C0 /* InsignificantList.swift */ = {isa = PBXFileReference; lastKnownFileType = sourcecode.swift; path = InsignificantList.swift; sourceTree = "<group>"; };
		0AC6334D29C5AA56003ED9C0 /* NoteEditor.swift */ = {isa = PBXFileReference; lastKnownFileType = sourcecode.swift; path = NoteEditor.swift; sourceTree = "<group>"; };
		0AC6334F29C68AD5003ED9C0 /* NoteModal.swift */ = {isa = PBXFileReference; lastKnownFileType = sourcecode.swift; path = NoteModal.swift; sourceTree = "<group>"; };
/* End PBXFileReference section */

/* Begin PBXFrameworksBuildPhase section */
		0AC6331029C55409003ED9C0 /* Frameworks */ = {
			isa = PBXFrameworksBuildPhase;
			buildActionMask = 2147483647;
			files = (
			);
			runOnlyForDeploymentPostprocessing = 0;
		};
		0AC6332129C5540A003ED9C0 /* Frameworks */ = {
			isa = PBXFrameworksBuildPhase;
			buildActionMask = 2147483647;
			files = (
			);
			runOnlyForDeploymentPostprocessing = 0;
		};
		0AC6332B29C5540A003ED9C0 /* Frameworks */ = {
			isa = PBXFrameworksBuildPhase;
			buildActionMask = 2147483647;
			files = (
			);
			runOnlyForDeploymentPostprocessing = 0;
		};
/* End PBXFrameworksBuildPhase section */

/* Begin PBXGroup section */
		0AC6330A29C55409003ED9C0 = {
			isa = PBXGroup;
			children = (
				0AC6331529C55409003ED9C0 /* Paperclip */,
				0AC6332729C5540A003ED9C0 /* PaperclipTests */,
				0AC6333129C5540A003ED9C0 /* PaperclipUITests */,
				0AC6331429C55409003ED9C0 /* Products */,
			);
			sourceTree = "<group>";
		};
		0AC6331429C55409003ED9C0 /* Products */ = {
			isa = PBXGroup;
			children = (
				0AC6331329C55409003ED9C0 /* Paperclip.app */,
				0AC6332429C5540A003ED9C0 /* PaperclipTests.xctest */,
				0AC6332E29C5540A003ED9C0 /* PaperclipUITests.xctest */,
			);
			name = Products;
			sourceTree = "<group>";
		};
		0AC6331529C55409003ED9C0 /* Paperclip */ = {
			isa = PBXGroup;
			children = (
				0AC6331629C55409003ED9C0 /* PaperclipApp.swift */,
				0AC6334329C56906003ED9C0 /* StickyStack.swift */,
				0AC6331829C55409003ED9C0 /* StickyView.swift */,
				0AC6334529C598EC003ED9C0 /* ContentView.swift */,
				0AC6334F29C68AD5003ED9C0 /* NoteModal.swift */,
				0AC6334D29C5AA56003ED9C0 /* NoteEditor.swift */,
				0AC6334729C59E7E003ED9C0 /* ImportantList.swift */,
				0AC6334929C59EAF003ED9C0 /* SomewhatList.swift */,
				0AC6334B29C59ED0003ED9C0 /* InsignificantList.swift */,
				0AC6331A29C5540A003ED9C0 /* Assets.xcassets */,
				0AC6331C29C5540A003ED9C0 /* Paperclip.entitlements */,
				0AC6331D29C5540A003ED9C0 /* Preview Content */,
			);
			path = Paperclip;
			sourceTree = "<group>";
		};
		0AC6331D29C5540A003ED9C0 /* Preview Content */ = {
			isa = PBXGroup;
			children = (
				0AC6331E29C5540A003ED9C0 /* Preview Assets.xcassets */,
			);
			path = "Preview Content";
			sourceTree = "<group>";
		};
		0AC6332729C5540A003ED9C0 /* PaperclipTests */ = {
			isa = PBXGroup;
			children = (
				0AC6332829C5540A003ED9C0 /* PaperclipTests.swift */,
			);
			path = PaperclipTests;
			sourceTree = "<group>";
		};
		0AC6333129C5540A003ED9C0 /* PaperclipUITests */ = {
			isa = PBXGroup;
			children = (
				0AC6333229C5540A003ED9C0 /* PaperclipUITests.swift */,
				0AC6333429C5540A003ED9C0 /* PaperclipUITestsLaunchTests.swift */,
			);
			path = PaperclipUITests;
			sourceTree = "<group>";
		};
/* End PBXGroup section */

/* Begin PBXNativeTarget section */
		0AC6331229C55409003ED9C0 /* Paperclip */ = {
			isa = PBXNativeTarget;
			buildConfigurationList = 0AC6333829C5540A003ED9C0 /* Build configuration list for PBXNativeTarget "Paperclip" */;
			buildPhases = (
				0AC6330F29C55409003ED9C0 /* Sources */,
				0AC6331029C55409003ED9C0 /* Frameworks */,
				0AC6331129C55409003ED9C0 /* Resources */,
			);
			buildRules = (
			);
			dependencies = (
			);
			name = Paperclip;
			productName = Paperclip;
			productReference = 0AC6331329C55409003ED9C0 /* Paperclip.app */;
			productType = "com.apple.product-type.application";
		};
		0AC6332329C5540A003ED9C0 /* PaperclipTests */ = {
			isa = PBXNativeTarget;
			buildConfigurationList = 0AC6333B29C5540A003ED9C0 /* Build configuration list for PBXNativeTarget "PaperclipTests" */;
			buildPhases = (
				0AC6332029C5540A003ED9C0 /* Sources */,
				0AC6332129C5540A003ED9C0 /* Frameworks */,
				0AC6332229C5540A003ED9C0 /* Resources */,
			);
			buildRules = (
			);
			dependencies = (
				0AC6332629C5540A003ED9C0 /* PBXTargetDependency */,
			);
			name = PaperclipTests;
			productName = PaperclipTests;
			productReference = 0AC6332429C5540A003ED9C0 /* PaperclipTests.xctest */;
			productType = "com.apple.product-type.bundle.unit-test";
		};
		0AC6332D29C5540A003ED9C0 /* PaperclipUITests */ = {
			isa = PBXNativeTarget;
			buildConfigurationList = 0AC6333E29C5540A003ED9C0 /* Build configuration list for PBXNativeTarget "PaperclipUITests" */;
			buildPhases = (
				0AC6332A29C5540A003ED9C0 /* Sources */,
				0AC6332B29C5540A003ED9C0 /* Frameworks */,
				0AC6332C29C5540A003ED9C0 /* Resources */,
			);
			buildRules = (
			);
			dependencies = (
				0AC6333029C5540A003ED9C0 /* PBXTargetDependency */,
			);
			name = PaperclipUITests;
			productName = PaperclipUITests;
			productReference = 0AC6332E29C5540A003ED9C0 /* PaperclipUITests.xctest */;
			productType = "com.apple.product-type.bundle.ui-testing";
		};
/* End PBXNativeTarget section */

/* Begin PBXProject section */
		0AC6330B29C55409003ED9C0 /* Project object */ = {
			isa = PBXProject;
			attributes = {
				BuildIndependentTargetsInParallel = 1;
				LastSwiftUpdateCheck = 1420;
				LastUpgradeCheck = 1420;
				TargetAttributes = {
					0AC6331229C55409003ED9C0 = {
						CreatedOnToolsVersion = 14.2;
					};
					0AC6332329C5540A003ED9C0 = {
						CreatedOnToolsVersion = 14.2;
						TestTargetID = 0AC6331229C55409003ED9C0;
					};
					0AC6332D29C5540A003ED9C0 = {
						CreatedOnToolsVersion = 14.2;
						TestTargetID = 0AC6331229C55409003ED9C0;
					};
				};
			};
			buildConfigurationList = 0AC6330E29C55409003ED9C0 /* Build configuration list for PBXProject "Paperclip" */;
			compatibilityVersion = "Xcode 14.0";
			developmentRegion = en;
			hasScannedForEncodings = 0;
			knownRegions = (
				en,
				Base,
			);
			mainGroup = 0AC6330A29C55409003ED9C0;
			productRefGroup = 0AC6331429C55409003ED9C0 /* Products */;
			projectDirPath = "";
			projectRoot = "";
			targets = (
				0AC6331229C55409003ED9C0 /* Paperclip */,
				0AC6332329C5540A003ED9C0 /* PaperclipTests */,
				0AC6332D29C5540A003ED9C0 /* PaperclipUITests */,
			);
		};
/* End PBXProject section */

/* Begin PBXResourcesBuildPhase section */
		0AC6331129C55409003ED9C0 /* Resources */ = {
			isa = PBXResourcesBuildPhase;
			buildActionMask = 2147483647;
			files = (
				0AC6331F29C5540A003ED9C0 /* Preview Assets.xcassets in Resources */,
				0AC6331B29C5540A003ED9C0 /* Assets.xcassets in Resources */,
			);
			runOnlyForDeploymentPostprocessing = 0;
		};
		0AC6332229C5540A003ED9C0 /* Resources */ = {
			isa = PBXResourcesBuildPhase;
			buildActionMask = 2147483647;
			files = (
			);
			runOnlyForDeploymentPostprocessing = 0;
		};
		0AC6332C29C5540A003ED9C0 /* Resources */ = {
			isa = PBXResourcesBuildPhase;
			buildActionMask = 2147483647;
			files = (
			);
			runOnlyForDeploymentPostprocessing = 0;
		};
/* End PBXResourcesBuildPhase section */

/* Begin PBXSourcesBuildPhase section */
		0AC6330F29C55409003ED9C0 /* Sources */ = {
			isa = PBXSourcesBuildPhase;
			buildActionMask = 2147483647;
			files = (
				0AC6334E29C5AA56003ED9C0 /* NoteEditor.swift in Sources */,
				0AC6331929C55409003ED9C0 /* StickyView.swift in Sources */,
				0AC6334A29C59EAF003ED9C0 /* SomewhatList.swift in Sources */,
				0AC6335029C68AD5003ED9C0 /* NoteModal.swift in Sources */,
				0AC6331729C55409003ED9C0 /* PaperclipApp.swift in Sources */,
				0AC6334829C59E7E003ED9C0 /* ImportantList.swift in Sources */,
				0AC6334629C598EC003ED9C0 /* ContentView.swift in Sources */,
				0AC6334429C56906003ED9C0 /* StickyStack.swift in Sources */,
				0AC6334C29C59ED0003ED9C0 /* InsignificantList.swift in Sources */,
			);
			runOnlyForDeploymentPostprocessing = 0;
		};
		0AC6332029C5540A003ED9C0 /* Sources */ = {
			isa = PBXSourcesBuildPhase;
			buildActionMask = 2147483647;
			files = (
				0AC6332929C5540A003ED9C0 /* PaperclipTests.swift in Sources */,
			);
			runOnlyForDeploymentPostprocessing = 0;
		};
		0AC6332A29C5540A003ED9C0 /* Sources */ = {
			isa = PBXSourcesBuildPhase;
			buildActionMask = 2147483647;
			files = (
				0AC6333329C5540A003ED9C0 /* PaperclipUITests.swift in Sources */,
				0AC6333529C5540A003ED9C0 /* PaperclipUITestsLaunchTests.swift in Sources */,
			);
			runOnlyForDeploymentPostprocessing = 0;
		};
/* End PBXSourcesBuildPhase section */

/* Begin PBXTargetDependency section */
		0AC6332629C5540A003ED9C0 /* PBXTargetDependency */ = {
			isa = PBXTargetDependency;
			target = 0AC6331229C55409003ED9C0 /* Paperclip */;
			targetProxy = 0AC6332529C5540A003ED9C0 /* PBXContainerItemProxy */;
		};
		0AC6333029C5540A003ED9C0 /* PBXTargetDependency */ = {
			isa = PBXTargetDependency;
			target = 0AC6331229C55409003ED9C0 /* Paperclip */;
			targetProxy = 0AC6332F29C5540A003ED9C0 /* PBXContainerItemProxy */;
		};
/* End PBXTargetDependency section */

/* Begin XCBuildConfiguration section */
		0AC6333629C5540A003ED9C0 /* Debug */ = {
			isa = XCBuildConfiguration;
			buildSettings = {
				ALWAYS_SEARCH_USER_PATHS = NO;
				CLANG_ANALYZER_NONNULL = YES;
				CLANG_ANALYZER_NUMBER_OBJECT_CONVERSION = YES_AGGRESSIVE;
				CLANG_CXX_LANGUAGE_STANDARD = "gnu++20";
				CLANG_ENABLE_MODULES = YES;
				CLANG_ENABLE_OBJC_ARC = YES;
				CLANG_ENABLE_OBJC_WEAK = YES;
				CLANG_WARN_BLOCK_CAPTURE_AUTORELEASING = YES;
				CLANG_WARN_BOOL_CONVERSION = YES;
				CLANG_WARN_COMMA = YES;
				CLANG_WARN_CONSTANT_CONVERSION = YES;
				CLANG_WARN_DEPRECATED_OBJC_IMPLEMENTATIONS = YES;
				CLANG_WARN_DIRECT_OBJC_ISA_USAGE = YES_ERROR;
				CLANG_WARN_DOCUMENTATION_COMMENTS = YES;
				CLANG_WARN_EMPTY_BODY = YES;
				CLANG_WARN_ENUM_CONVERSION = YES;
				CLANG_WARN_INFINITE_RECURSION = YES;
				CLANG_WARN_INT_CONVERSION = YES;
				CLANG_WARN_NON_LITERAL_NULL_CONVERSION = YES;
				CLANG_WARN_OBJC_IMPLICIT_RETAIN_SELF = YES;
				CLANG_WARN_OBJC_LITERAL_CONVERSION = YES;
				CLANG_WARN_OBJC_ROOT_CLASS = YES_ERROR;
				CLANG_WARN_QUOTED_INCLUDE_IN_FRAMEWORK_HEADER = YES;
				CLANG_WARN_RANGE_LOOP_ANALYSIS = YES;
				CLANG_WARN_STRICT_PROTOTYPES = YES;
				CLANG_WARN_SUSPICIOUS_MOVE = YES;
				CLANG_WARN_UNGUARDED_AVAILABILITY = YES_AGGRESSIVE;
				CLANG_WARN_UNREACHABLE_CODE = YES;
				CLANG_WARN__DUPLICATE_METHOD_MATCH = YES;
				COPY_PHASE_STRIP = NO;
				DEBUG_INFORMATION_FORMAT = dwarf;
				ENABLE_STRICT_OBJC_MSGSEND = YES;
				ENABLE_TESTABILITY = YES;
				GCC_C_LANGUAGE_STANDARD = gnu11;
				GCC_DYNAMIC_NO_PIC = NO;
				GCC_NO_COMMON_BLOCKS = YES;
				GCC_OPTIMIZATION_LEVEL = 0;
				GCC_PREPROCESSOR_DEFINITIONS = (
					"DEBUG=1",
					"$(inherited)",
				);
				GCC_WARN_64_TO_32_BIT_CONVERSION = YES;
				GCC_WARN_ABOUT_RETURN_TYPE = YES_ERROR;
				GCC_WARN_UNDECLARED_SELECTOR = YES;
				GCC_WARN_UNINITIALIZED_AUTOS = YES_AGGRESSIVE;
				GCC_WARN_UNUSED_FUNCTION = YES;
				GCC_WARN_UNUSED_VARIABLE = YES;
				MTL_ENABLE_DEBUG_INFO = INCLUDE_SOURCE;
				MTL_FAST_MATH = YES;
				ONLY_ACTIVE_ARCH = YES;
				SWIFT_ACTIVE_COMPILATION_CONDITIONS = DEBUG;
				SWIFT_OPTIMIZATION_LEVEL = "-Onone";
			};
			name = Debug;
		};
		0AC6333729C5540A003ED9C0 /* Release */ = {
			isa = XCBuildConfiguration;
			buildSettings = {
				ALWAYS_SEARCH_USER_PATHS = NO;
				CLANG_ANALYZER_NONNULL = YES;
				CLANG_ANALYZER_NUMBER_OBJECT_CONVERSION = YES_AGGRESSIVE;
				CLANG_CXX_LANGUAGE_STANDARD = "gnu++20";
				CLANG_ENABLE_MODULES = YES;
				CLANG_ENABLE_OBJC_ARC = YES;
				CLANG_ENABLE_OBJC_WEAK = YES;
				CLANG_WARN_BLOCK_CAPTURE_AUTORELEASING = YES;
				CLANG_WARN_BOOL_CONVERSION = YES;
				CLANG_WARN_COMMA = YES;
				CLANG_WARN_CONSTANT_CONVERSION = YES;
				CLANG_WARN_DEPRECATED_OBJC_IMPLEMENTATIONS = YES;
				CLANG_WARN_DIRECT_OBJC_ISA_USAGE = YES_ERROR;
				CLANG_WARN_DOCUMENTATION_COMMENTS = YES;
				CLANG_WARN_EMPTY_BODY = YES;
				CLANG_WARN_ENUM_CONVERSION = YES;
				CLANG_WARN_INFINITE_RECURSION = YES;
				CLANG_WARN_INT_CONVERSION = YES;
				CLANG_WARN_NON_LITERAL_NULL_CONVERSION = YES;
				CLANG_WARN_OBJC_IMPLICIT_RETAIN_SELF = YES;
				CLANG_WARN_OBJC_LITERAL_CONVERSION = YES;
				CLANG_WARN_OBJC_ROOT_CLASS = YES_ERROR;
				CLANG_WARN_QUOTED_INCLUDE_IN_FRAMEWORK_HEADER = YES;
				CLANG_WARN_RANGE_LOOP_ANALYSIS = YES;
				CLANG_WARN_STRICT_PROTOTYPES = YES;
				CLANG_WARN_SUSPICIOUS_MOVE = YES;
				CLANG_WARN_UNGUARDED_AVAILABILITY = YES_AGGRESSIVE;
				CLANG_WARN_UNREACHABLE_CODE = YES;
				CLANG_WARN__DUPLICATE_METHOD_MATCH = YES;
				COPY_PHASE_STRIP = NO;
				DEBUG_INFORMATION_FORMAT = "dwarf-with-dsym";
				ENABLE_NS_ASSERTIONS = NO;
				ENABLE_STRICT_OBJC_MSGSEND = YES;
				GCC_C_LANGUAGE_STANDARD = gnu11;
				GCC_NO_COMMON_BLOCKS = YES;
				GCC_WARN_64_TO_32_BIT_CONVERSION = YES;
				GCC_WARN_ABOUT_RETURN_TYPE = YES_ERROR;
				GCC_WARN_UNDECLARED_SELECTOR = YES;
				GCC_WARN_UNINITIALIZED_AUTOS = YES_AGGRESSIVE;
				GCC_WARN_UNUSED_FUNCTION = YES;
				GCC_WARN_UNUSED_VARIABLE = YES;
				MTL_ENABLE_DEBUG_INFO = NO;
				MTL_FAST_MATH = YES;
				SWIFT_COMPILATION_MODE = wholemodule;
				SWIFT_OPTIMIZATION_LEVEL = "-O";
			};
			name = Release;
		};
		0AC6333929C5540A003ED9C0 /* Debug */ = {
			isa = XCBuildConfiguration;
			buildSettings = {
				ASSETCATALOG_COMPILER_APPICON_NAME = AppIcon;
				ASSETCATALOG_COMPILER_GLOBAL_ACCENT_COLOR_NAME = AccentColor;
				CODE_SIGN_ENTITLEMENTS = Paperclip/Paperclip.entitlements;
				CODE_SIGN_STYLE = Automatic;
				CURRENT_PROJECT_VERSION = 1;
				DEVELOPMENT_ASSET_PATHS = "\"Paperclip/Preview Content\"";
				DEVELOPMENT_TEAM = RV78ENMXZ2;
				ENABLE_HARDENED_RUNTIME = YES;
				ENABLE_PREVIEWS = YES;
				GENERATE_INFOPLIST_FILE = YES;
				"INFOPLIST_KEY_UIApplicationSceneManifest_Generation[sdk=iphoneos*]" = YES;
				"INFOPLIST_KEY_UIApplicationSceneManifest_Generation[sdk=iphonesimulator*]" = YES;
				"INFOPLIST_KEY_UIApplicationSupportsIndirectInputEvents[sdk=iphoneos*]" = YES;
				"INFOPLIST_KEY_UIApplicationSupportsIndirectInputEvents[sdk=iphonesimulator*]" = YES;
				"INFOPLIST_KEY_UILaunchScreen_Generation[sdk=iphoneos*]" = YES;
				"INFOPLIST_KEY_UILaunchScreen_Generation[sdk=iphonesimulator*]" = YES;
				"INFOPLIST_KEY_UIStatusBarStyle[sdk=iphoneos*]" = UIStatusBarStyleDefault;
				"INFOPLIST_KEY_UIStatusBarStyle[sdk=iphonesimulator*]" = UIStatusBarStyleDefault;
				INFOPLIST_KEY_UISupportedInterfaceOrientations_iPad = "UIInterfaceOrientationPortrait UIInterfaceOrientationPortraitUpsideDown UIInterfaceOrientationLandscapeLeft UIInterfaceOrientationLandscapeRight";
				INFOPLIST_KEY_UISupportedInterfaceOrientations_iPhone = "UIInterfaceOrientationPortrait UIInterfaceOrientationLandscapeLeft UIInterfaceOrientationLandscapeRight";
				IPHONEOS_DEPLOYMENT_TARGET = 16.2;
				LD_RUNPATH_SEARCH_PATHS = "@executable_path/Frameworks";
				"LD_RUNPATH_SEARCH_PATHS[sdk=macosx*]" = "@executable_path/../Frameworks";
				MACOSX_DEPLOYMENT_TARGET = 13.1;
				MARKETING_VERSION = 1.0;
				PRODUCT_BUNDLE_IDENTIFIER = luckdev.Paperclip;
				PRODUCT_NAME = "$(TARGET_NAME)";
				SDKROOT = auto;
				SUPPORTED_PLATFORMS = "iphoneos iphonesimulator macosx";
				SWIFT_EMIT_LOC_STRINGS = YES;
				SWIFT_VERSION = 5.0;
				TARGETED_DEVICE_FAMILY = "1,2";
			};
			name = Debug;
		};
		0AC6333A29C5540A003ED9C0 /* Release */ = {
			isa = XCBuildConfiguration;
			buildSettings = {
				ASSETCATALOG_COMPILER_APPICON_NAME = AppIcon;
				ASSETCATALOG_COMPILER_GLOBAL_ACCENT_COLOR_NAME = AccentColor;
				CODE_SIGN_ENTITLEMENTS = Paperclip/Paperclip.entitlements;
				CODE_SIGN_STYLE = Automatic;
				CURRENT_PROJECT_VERSION = 1;
				DEVELOPMENT_ASSET_PATHS = "\"Paperclip/Preview Content\"";
				DEVELOPMENT_TEAM = RV78ENMXZ2;
				ENABLE_HARDENED_RUNTIME = YES;
				ENABLE_PREVIEWS = YES;
				GENERATE_INFOPLIST_FILE = YES;
				"INFOPLIST_KEY_UIApplicationSceneManifest_Generation[sdk=iphoneos*]" = YES;
				"INFOPLIST_KEY_UIApplicationSceneManifest_Generation[sdk=iphonesimulator*]" = YES;
				"INFOPLIST_KEY_UIApplicationSupportsIndirectInputEvents[sdk=iphoneos*]" = YES;
				"INFOPLIST_KEY_UIApplicationSupportsIndirectInputEvents[sdk=iphonesimulator*]" = YES;
				"INFOPLIST_KEY_UILaunchScreen_Generation[sdk=iphoneos*]" = YES;
				"INFOPLIST_KEY_UILaunchScreen_Generation[sdk=iphonesimulator*]" = YES;
				"INFOPLIST_KEY_UIStatusBarStyle[sdk=iphoneos*]" = UIStatusBarStyleDefault;
				"INFOPLIST_KEY_UIStatusBarStyle[sdk=iphonesimulator*]" = UIStatusBarStyleDefault;
				INFOPLIST_KEY_UISupportedInterfaceOrientations_iPad = "UIInterfaceOrientationPortrait UIInterfaceOrientationPortraitUpsideDown UIInterfaceOrientationLandscapeLeft UIInterfaceOrientationLandscapeRight";
				INFOPLIST_KEY_UISupportedInterfaceOrientations_iPhone = "UIInterfaceOrientationPortrait UIInterfaceOrientationLandscapeLeft UIInterfaceOrientationLandscapeRight";
				IPHONEOS_DEPLOYMENT_TARGET = 16.2;
				LD_RUNPATH_SEARCH_PATHS = "@executable_path/Frameworks";
				"LD_RUNPATH_SEARCH_PATHS[sdk=macosx*]" = "@executable_path/../Frameworks";
				MACOSX_DEPLOYMENT_TARGET = 13.1;
				MARKETING_VERSION = 1.0;
				PRODUCT_BUNDLE_IDENTIFIER = luckdev.Paperclip;
				PRODUCT_NAME = "$(TARGET_NAME)";
				SDKROOT = auto;
				SUPPORTED_PLATFORMS = "iphoneos iphonesimulator macosx";
				SWIFT_EMIT_LOC_STRINGS = YES;
				SWIFT_VERSION = 5.0;
				TARGETED_DEVICE_FAMILY = "1,2";
			};
			name = Release;
		};
		0AC6333C29C5540A003ED9C0 /* Debug */ = {
			isa = XCBuildConfiguration;
			buildSettings = {
				ALWAYS_EMBED_SWIFT_STANDARD_LIBRARIES = YES;
				BUNDLE_LOADER = "$(TEST_HOST)";
				CODE_SIGN_STYLE = Automatic;
				CURRENT_PROJECT_VERSION = 1;
				DEVELOPMENT_TEAM = RV78ENMXZ2;
				GENERATE_INFOPLIST_FILE = YES;
				IPHONEOS_DEPLOYMENT_TARGET = 16.2;
				MACOSX_DEPLOYMENT_TARGET = 13.1;
				MARKETING_VERSION = 1.0;
				PRODUCT_BUNDLE_IDENTIFIER = luckdev.PaperclipTests;
				PRODUCT_NAME = "$(TARGET_NAME)";
				SDKROOT = auto;
				SUPPORTED_PLATFORMS = "iphoneos iphonesimulator macosx";
				SWIFT_EMIT_LOC_STRINGS = NO;
				SWIFT_VERSION = 5.0;
				TARGETED_DEVICE_FAMILY = "1,2";
				TEST_HOST = "$(BUILT_PRODUCTS_DIR)/Paperclip.app/$(BUNDLE_EXECUTABLE_FOLDER_PATH)/Paperclip";
			};
			name = Debug;
		};
		0AC6333D29C5540A003ED9C0 /* Release */ = {
			isa = XCBuildConfiguration;
			buildSettings = {
				ALWAYS_EMBED_SWIFT_STANDARD_LIBRARIES = YES;
				BUNDLE_LOADER = "$(TEST_HOST)";
				CODE_SIGN_STYLE = Automatic;
				CURRENT_PROJECT_VERSION = 1;
				DEVELOPMENT_TEAM = RV78ENMXZ2;
				GENERATE_INFOPLIST_FILE = YES;
				IPHONEOS_DEPLOYMENT_TARGET = 16.2;
				MACOSX_DEPLOYMENT_TARGET = 13.1;
				MARKETING_VERSION = 1.0;
				PRODUCT_BUNDLE_IDENTIFIER = luckdev.PaperclipTests;
				PRODUCT_NAME = "$(TARGET_NAME)";
				SDKROOT = auto;
				SUPPORTED_PLATFORMS = "iphoneos iphonesimulator macosx";
				SWIFT_EMIT_LOC_STRINGS = NO;
				SWIFT_VERSION = 5.0;
				TARGETED_DEVICE_FAMILY = "1,2";
				TEST_HOST = "$(BUILT_PRODUCTS_DIR)/Paperclip.app/$(BUNDLE_EXECUTABLE_FOLDER_PATH)/Paperclip";
			};
			name = Release;
		};
		0AC6333F29C5540A003ED9C0 /* Debug */ = {
			isa = XCBuildConfiguration;
			buildSettings = {
				ALWAYS_EMBED_SWIFT_STANDARD_LIBRARIES = YES;
				CODE_SIGN_STYLE = Automatic;
				CURRENT_PROJECT_VERSION = 1;
				DEVELOPMENT_TEAM = RV78ENMXZ2;
				GENERATE_INFOPLIST_FILE = YES;
				IPHONEOS_DEPLOYMENT_TARGET = 16.2;
				MACOSX_DEPLOYMENT_TARGET = 13.1;
				MARKETING_VERSION = 1.0;
				PRODUCT_BUNDLE_IDENTIFIER = luckdev.PaperclipUITests;
				PRODUCT_NAME = "$(TARGET_NAME)";
				SDKROOT = auto;
				SUPPORTED_PLATFORMS = "iphoneos iphonesimulator macosx";
				SWIFT_EMIT_LOC_STRINGS = NO;
				SWIFT_VERSION = 5.0;
				TARGETED_DEVICE_FAMILY = "1,2";
				TEST_TARGET_NAME = Paperclip;
			};
			name = Debug;
		};
		0AC6334029C5540A003ED9C0 /* Release */ = {
			isa = XCBuildConfiguration;
			buildSettings = {
				ALWAYS_EMBED_SWIFT_STANDARD_LIBRARIES = YES;
				CODE_SIGN_STYLE = Automatic;
				CURRENT_PROJECT_VERSION = 1;
				DEVELOPMENT_TEAM = RV78ENMXZ2;
				GENERATE_INFOPLIST_FILE = YES;
				IPHONEOS_DEPLOYMENT_TARGET = 16.2;
				MACOSX_DEPLOYMENT_TARGET = 13.1;
				MARKETING_VERSION = 1.0;
				PRODUCT_BUNDLE_IDENTIFIER = luckdev.PaperclipUITests;
				PRODUCT_NAME = "$(TARGET_NAME)";
				SDKROOT = auto;
				SUPPORTED_PLATFORMS = "iphoneos iphonesimulator macosx";
				SWIFT_EMIT_LOC_STRINGS = NO;
				SWIFT_VERSION = 5.0;
				TARGETED_DEVICE_FAMILY = "1,2";
				TEST_TARGET_NAME = Paperclip;
			};
			name = Release;
		};
/* End XCBuildConfiguration section */

/* Begin XCConfigurationList section */
		0AC6330E29C55409003ED9C0 /* Build configuration list for PBXProject "Paperclip" */ = {
			isa = XCConfigurationList;
			buildConfigurations = (
				0AC6333629C5540A003ED9C0 /* Debug */,
				0AC6333729C5540A003ED9C0 /* Release */,
			);
			defaultConfigurationIsVisible = 0;
			defaultConfigurationName = Release;
		};
		0AC6333829C5540A003ED9C0 /* Build configuration list for PBXNativeTarget "Paperclip" */ = {
			isa = XCConfigurationList;
			buildConfigurations = (
				0AC6333929C5540A003ED9C0 /* Debug */,
				0AC6333A29C5540A003ED9C0 /* Release */,
			);
			defaultConfigurationIsVisible = 0;
			defaultConfigurationName = Release;
		};
		0AC6333B29C5540A003ED9C0 /* Build configuration list for PBXNativeTarget "PaperclipTests" */ = {
			isa = XCConfigurationList;
			buildConfigurations = (
				0AC6333C29C5540A003ED9C0 /* Debug */,
				0AC6333D29C5540A003ED9C0 /* Release */,
			);
			defaultConfigurationIsVisible = 0;
			defaultConfigurationName = Release;
		};
		0AC6333E29C5540A003ED9C0 /* Build configuration list for PBXNativeTarget "PaperclipUITests" */ = {
			isa = XCConfigurationList;
			buildConfigurations = (
				0AC6333F29C5540A003ED9C0 /* Debug */,
				0AC6334029C5540A003ED9C0 /* Release */,
			);
			defaultConfigurationIsVisible = 0;
			defaultConfigurationName = Release;
		};
/* End XCConfigurationList section */
	};
	rootObject = 0AC6330B29C55409003ED9C0 /* Project object */;
}
